{
  "requires": true,
  "lockfileVersion": 1,
  "dependencies": {
    "angular": {
      "version": "1.6.4",
      "resolved": "https://registry.npmjs.org/angular/-/angular-1.6.4.tgz",
      "integrity": "sha1-A7exXAGggC1+LPWTJA5gQFTcd/s="
    },
    "angular-block-ui": {
      "version": "0.2.0",
      "resolved": "https://registry.npmjs.org/angular-block-ui/-/angular-block-ui-0.2.2.tgz",
      "integrity": "sha1-RmYTzYCtKG60tYjPztAP7GrF6XU="
    },
    "angular-inform": {
      "version": "0.0.19",
      "resolved": "https://registry.npmjs.org/angular-inform/-/angular-inform-0.0.19.tgz",
      "integrity": "sha1-A++0zz84IJiogIgcnNe7DS3qw+E="
    },
    "angular-local-storage": {
      "version": "0.6.0",
      "resolved": "https://registry.npmjs.org/angular-local-storage/-/angular-local-storage-0.6.0.tgz",
      "integrity": "sha1-TbqXcv73UgcN5ak+ICvohrKZxoY="
    },
    "angular-route": {
      "version": "1.6.4",
      "resolved": "https://registry.npmjs.org/angular-route/-/angular-route-1.6.4.tgz",
      "integrity": "sha1-e7IW/Np0ahuMRSBUsFkApwdOzGI="
    },
    "angular-ui-bootstrap": {
      "version": "2.5.0",
      "resolved": "https://registry.npmjs.org/angular-ui-bootstrap/-/angular-ui-bootstrap-2.5.0.tgz",
      "integrity": "sha1-L6zvuRU4ZlXcX0QVAlgDJRcjbQE="
    },
    "bootstrap": {
      "version": "3.3.7",
      "resolved": "https://registry.npmjs.org/bootstrap/-/bootstrap-3.3.7.tgz",
      "integrity": "sha1-WjiTlFSfIzMIdaOxUGVldPip63E="
    },
    "font-awesome": {
      "version": "4.7.0",
      "resolved": "https://registry.npmjs.org/font-awesome/-/font-awesome-4.7.0.tgz",
      "integrity": "sha1-j6jPBBGhoxr9B7BtKQK7n8gVoTM="
    },
    "jquery": {
      "version": "3.2.1",
      "resolved": "https://registry.npmjs.org/jquery/-/jquery-3.2.1.tgz",
      "integrity": "sha1-XE2d5lKvbNCncBVKYxu6ErAVx4c="
    },
    "pnotify": {
      "version": "3.0.1",
      "resolved": "https://registry.npmjs.org/pnotify/-/pnotify-3.0.1.tgz",
      "integrity": "sha1-nw+j/0r7z07tC6xIGNrOe3Fwgrw=",
      "requires": {
        "jquery": "3.2.1"
      }
    }
  }
}
